
Microsoft Visual Studio Solution File, Format Version 12.00
# Visual Studio Version 16
VisualStudioVersion = 16.0.29201.188
MinimumVisualStudioVersion = 10.0.40219.1
Project("{9A19103F-16F7-4668-BE54-9A1E7A4F7556}") = "VaultProbe", "VaultProbe\VaultProbe.csproj", "{E0EF88F5-3F39-422A-A8AC-54EE91A57BCB}"
EndProject
Project("{9A19103F-16F7-4668-BE54-9A1E7A4F7556}") = "SFMISampleConsole", "SFMISampleConsole\SFMISampleConsole.csproj", "{16DD6BB7-2F7F-41FC-A1EF-0FC4FFE36F58}"
EndProject
Global
	GlobalSection(SolutionConfigurationPlatforms) = preSolution
		Debug|Any CPU = Debug|Any CPU
		Release|Any CPU = Release|Any CPU
	EndGlobalSection
	GlobalSection(ProjectConfigurationPlatforms) = postSolution
		{E0EF88F5-3F39-422A-A8AC-54EE91A57BCB}.Debug|Any CPU.ActiveCfg = Debug|Any CPU
		{E0EF88F5-3F39-422A-A8AC-54EE91A57BCB}.Debug|Any CPU.Build.0 = Debug|Any CPU
		{E0EF88F5-3F39-422A-A8AC-54EE91A57BCB}.Release|Any CPU.ActiveCfg = Release|Any CPU
		{E0EF88F5-3F39-422A-A8AC-54EE91A57BCB}.Release|Any CPU.Build.0 = Release|Any CPU
		{16DD6BB7-2F7F-41FC-A1EF-0FC4FFE36F58}.Debug|Any CPU.ActiveCfg = Debug|Any CPU
		{16DD6BB7-2F7F-41FC-A1EF-0FC4FFE36F58}.Debug|Any CPU.Build.0 = Debug|Any CPU
		{16DD6BB7-2F7F-41FC-A1EF-0FC4FFE36F58}.Release|Any CPU.ActiveCfg = Release|Any CPU
		{16DD6BB7-2F7F-41FC-A1EF-0FC4FFE36F58}.Release|Any CPU.Build.0 = Release|Any CPU
	EndGlobalSection
	GlobalSection(SolutionProperties) = preSolution
		HideSolutionNode = FALSE
	EndGlobalSection
	GlobalSection(ExtensibilityGlobals) = postSolution
		SolutionGuid = {388A65C0-7A30-470D-AEFF-A52EB9F15156}
	EndGlobalSection
EndGlobal
